
Microsoft Visual Studio Solution File, Format Version 12.00
# Visual Studio Version 17
VisualStudioVersion = 17.4.33213.308
MinimumVisualStudioVersion = 10.0.40219.1
Project("{888888A0-9F3D-457C-B088-3A5042F75D52}") = "Main", "Main\Main.pyproj", "{D93B48BC-F284-4C45-9FB8-6CDDA0E16E63}"
EndProject
Global
	GlobalSection(SolutionConfigurationPlatforms) = preSolution
		Debug|Any CPU = Debug|Any CPU
		Release|Any CPU = Release|Any CPU
	EndGlobalSection
	GlobalSection(ProjectConfigurationPlatforms) = postSolution
		{D93B48BC-F284-4C45-9FB8-6CDDA0E16E63}.Debug|Any CPU.ActiveCfg = Debug|Any CPU
		{D93B48BC-F284-4C45-9FB8-6CDDA0E16E63}.Release|Any CPU.ActiveCfg = Release|Any CPU
	EndGlobalSection
	GlobalSection(SolutionProperties) = preSolution
		HideSolutionNode = FALSE
	EndGlobalSection
	GlobalSection(ExtensibilityGlobals) = postSolution
		SolutionGuid = {CEBA56EC-EC50-424C-97E7-7831A593D3EF}
	EndGlobalSection
EndGlobal
